
Microsoft Visual Studio Solution File, Format Version 12.00
# Visual Studio Version 16
VisualStudioVersion = 16.0.809.9
MinimumVisualStudioVersion = 10.0.40219.1
Project("{FAE04EC0-301F-11D3-BF4B-00C04F79EFBC}") = "OperatorExercise", "OperatorExercise\OperatorExercise.csproj", "{EA4E8035-305B-43AA-8D0D-5F173C1DF753}"
EndProject
Global
	GlobalSection(SolutionConfigurationPlatforms) = preSolution
		Debug|Any CPU = Debug|Any CPU
		Release|Any CPU = Release|Any CPU
	EndGlobalSection
	GlobalSection(ProjectConfigurationPlatforms) = postSolution
		{EA4E8035-305B-43AA-8D0D-5F173C1DF753}.Debug|Any CPU.ActiveCfg = Debug|Any CPU
		{EA4E8035-305B-43AA-8D0D-5F173C1DF753}.Debug|Any CPU.Build.0 = Debug|Any CPU
		{EA4E8035-305B-43AA-8D0D-5F173C1DF753}.Release|Any CPU.ActiveCfg = Release|Any CPU
		{EA4E8035-305B-43AA-8D0D-5F173C1DF753}.Release|Any CPU.Build.0 = Release|Any CPU
	EndGlobalSection
	GlobalSection(SolutionProperties) = preSolution
		HideSolutionNode = FALSE
	EndGlobalSection
	GlobalSection(ExtensibilityGlobals) = postSolution
		SolutionGuid = {E5B55CFC-0275-4FB8-9D1E-BF3FF3CEABE2}
	EndGlobalSection
EndGlobal
